// !$*UTF8*$!
{
	archiveVersion = 1;
	classes = {
	};
	objectVersion = 56;
	objects = {

/* Begin PBXBuildFile section */
		A2C2DAEC29071F540056AF51 /* StoryPromptViewController.swift in Sources */ = {isa = PBXBuildFile; fileRef = A2C2DAEB29071F540056AF51 /* StoryPromptViewController.swift */; };
		A2C2DAEF29072DE90056AF51 /* StoryPromptTableViewController.swift in Sources */ = {isa = PBXBuildFile; fileRef = A2C2DAEE29072DE90056AF51 /* StoryPromptTableViewController.swift */; };
		A2CF783A2906D22800476A17 /* AppDelegate.swift in Sources */ = {isa = PBXBuildFile; fileRef = A2CF78392906D22800476A17 /* AppDelegate.swift */; };
		A2CF783C2906D22800476A17 /* SceneDelegate.swift in Sources */ = {isa = PBXBuildFile; fileRef = A2CF783B2906D22800476A17 /* SceneDelegate.swift */; };
		A2CF783E2906D22800476A17 /* AddStoryPromptViewController.swift in Sources */ = {isa = PBXBuildFile; fileRef = A2CF783D2906D22800476A17 /* AddStoryPromptViewController.swift */; };
		A2CF78412906D22800476A17 /* Main.storyboard in Resources */ = {isa = PBXBuildFile; fileRef = A2CF783F2906D22800476A17 /* Main.storyboard */; };
		A2CF78432906D22800476A17 /* Assets.xcassets in Resources */ = {isa = PBXBuildFile; fileRef = A2CF78422906D22800476A17 /* Assets.xcassets */; };
		A2CF78462906D22800476A17 /* LaunchScreen.storyboard in Resources */ = {isa = PBXBuildFile; fileRef = A2CF78442906D22800476A17 /* LaunchScreen.storyboard */; };
		A2CF784F2906D25100476A17 /* StoryPromptEntry.swift in Sources */ = {isa = PBXBuildFile; fileRef = A2CF784E2906D25100476A17 /* StoryPromptEntry.swift */; };
		A2CF78512906D26D00476A17 /* StoryPrompts.swift in Sources */ = {isa = PBXBuildFile; fileRef = A2CF78502906D26D00476A17 /* StoryPrompts.swift */; };
/* End PBXBuildFile section */

/* Begin PBXFileReference section */
		A2C2DAEB29071F540056AF51 /* StoryPromptViewController.swift */ = {isa = PBXFileReference; lastKnownFileType = sourcecode.swift; path = StoryPromptViewController.swift; sourceTree = "<group>"; };
		A2C2DAEE29072DE90056AF51 /* StoryPromptTableViewController.swift */ = {isa = PBXFileReference; lastKnownFileType = sourcecode.swift; path = StoryPromptTableViewController.swift; sourceTree = "<group>"; };
		A2CF78362906D22800476A17 /* StoryPrompt.app */ = {isa = PBXFileReference; explicitFileType = wrapper.application; includeInIndex = 0; path = StoryPrompt.app; sourceTree = BUILT_PRODUCTS_DIR; };
		A2CF78392906D22800476A17 /* AppDelegate.swift */ = {isa = PBXFileReference; lastKnownFileType = sourcecode.swift; path = AppDelegate.swift; sourceTree = "<group>"; };
		A2CF783B2906D22800476A17 /* SceneDelegate.swift */ = {isa = PBXFileReference; lastKnownFileType = sourcecode.swift; path = SceneDelegate.swift; sourceTree = "<group>"; };
		A2CF783D2906D22800476A17 /* AddStoryPromptViewController.swift */ = {isa = PBXFileReference; lastKnownFileType = sourcecode.swift; path = AddStoryPromptViewController.swift; sourceTree = "<group>"; };
		A2CF78402906D22800476A17 /* Base */ = {isa = PBXFileReference; lastKnownFileType = file.storyboard; name = Base; path = Base.lproj/Main.storyboard; sourceTree = "<group>"; };
		A2CF78422906D22800476A17 /* Assets.xcassets */ = {isa = PBXFileReference; lastKnownFileType = folder.assetcatalog; path = Assets.xcassets; sourceTree = "<group>"; };
		A2CF78452906D22800476A17 /* Base */ = {isa = PBXFileReference; lastKnownFileType = file.storyboard; name = Base; path = Base.lproj/LaunchScreen.storyboard; sourceTree = "<group>"; };
		A2CF78472906D22800476A17 /* Info.plist */ = {isa = PBXFileReference; lastKnownFileType = text.plist.xml; path = Info.plist; sourceTree = "<group>"; };
		A2CF784E2906D25100476A17 /* StoryPromptEntry.swift */ = {isa = PBXFileReference; lastKnownFileType = sourcecode.swift; path = StoryPromptEntry.swift; sourceTree = "<group>"; };
		A2CF78502906D26D00476A17 /* StoryPrompts.swift */ = {isa = PBXFileReference; lastKnownFileType = sourcecode.swift; path = StoryPrompts.swift; sourceTree = "<group>"; };
/* End PBXFileReference section */

/* Begin PBXFrameworksBuildPhase section */
		A2CF78332906D22800476A17 /* Frameworks */ = {
			isa = PBXFrameworksBuildPhase;
			buildActionMask = 2147483647;
			files = (
			);
			runOnlyForDeploymentPostprocessing = 0;
		};
/* End PBXFrameworksBuildPhase section */

/* Begin PBXGroup section */
		A2C2DAED29071F5C0056AF51 /* ViewControllers */ = {
			isa = PBXGroup;
			children = (
				A2C2DAEE29072DE90056AF51 /* StoryPromptTableViewController.swift */,
				A2CF783D2906D22800476A17 /* AddStoryPromptViewController.swift */,
				A2C2DAEB29071F540056AF51 /* StoryPromptViewController.swift */,
			);
			path = ViewControllers;
			sourceTree = "<group>";
		};
		A2CF782D2906D22800476A17 = {
			isa = PBXGroup;
			children = (
				A2CF78382906D22800476A17 /* StoryPrompt */,
				A2CF78372906D22800476A17 /* Products */,
			);
			sourceTree = "<group>";
		};
		A2CF78372906D22800476A17 /* Products */ = {
			isa = PBXGroup;
			children = (
				A2CF78362906D22800476A17 /* StoryPrompt.app */,
			);
			name = Products;
			sourceTree = "<group>";
		};
		A2CF78382906D22800476A17 /* StoryPrompt */ = {
			isa = PBXGroup;
			children = (
				A2C2DAED29071F5C0056AF51 /* ViewControllers */,
				A2CF784D2906D23500476A17 /* Model */,
				A2CF78392906D22800476A17 /* AppDelegate.swift */,
				A2CF783B2906D22800476A17 /* SceneDelegate.swift */,
				A2CF783F2906D22800476A17 /* Main.storyboard */,
				A2CF78422906D22800476A17 /* Assets.xcassets */,
				A2CF78442906D22800476A17 /* LaunchScreen.storyboard */,
				A2CF78472906D22800476A17 /* Info.plist */,
			);
			path = StoryPrompt;
			sourceTree = "<group>";
		};
		A2CF784D2906D23500476A17 /* Model */ = {
			isa = PBXGroup;
			children = (
				A2CF784E2906D25100476A17 /* StoryPromptEntry.swift */,
				A2CF78502906D26D00476A17 /* StoryPrompts.swift */,
			);
			path = Model;
			sourceTree = "<group>";
		};
/* End PBXGroup section */

/* Begin PBXNativeTarget section */
		A2CF78352906D22800476A17 /* StoryPrompt */ = {
			isa = PBXNativeTarget;
			buildConfigurationList = A2CF784A2906D22800476A17 /* Build configuration list for PBXNativeTarget "StoryPrompt" */;
			buildPhases = (
				A2CF78322906D22800476A17 /* Sources */,
				A2CF78332906D22800476A17 /* Frameworks */,
				A2CF78342906D22800476A17 /* Resources */,
			);
			buildRules = (
			);
			dependencies = (
			);
			name = StoryPrompt;
			productName = StoryPrompt;
			productReference = A2CF78362906D22800476A17 /* StoryPrompt.app */;
			productType = "com.apple.product-type.application";
		};
/* End PBXNativeTarget section */

/* Begin PBXProject section */
		A2CF782E2906D22800476A17 /* Project object */ = {
			isa = PBXProject;
			attributes = {
				BuildIndependentTargetsInParallel = 1;
				LastSwiftUpdateCheck = 1400;
				LastUpgradeCheck = 1400;
				TargetAttributes = {
					A2CF78352906D22800476A17 = {
						CreatedOnToolsVersion = 14.0.1;
					};
				};
			};
			buildConfigurationList = A2CF78312906D22800476A17 /* Build configuration list for PBXProject "StoryPrompt" */;
			compatibilityVersion = "Xcode 14.0";
			developmentRegion = en;
			hasScannedForEncodings = 0;
			knownRegions = (
				en,
				Base,
			);
			mainGroup = A2CF782D2906D22800476A17;
			productRefGroup = A2CF78372906D22800476A17 /* Products */;
			projectDirPath = "";
			projectRoot = "";
			targets = (
				A2CF78352906D22800476A17 /* StoryPrompt */,
			);
		};
/* End PBXProject section */

/* Begin PBXResourcesBuildPhase section */
		A2CF78342906D22800476A17 /* Resources */ = {
			isa = PBXResourcesBuildPhase;
			buildActionMask = 2147483647;
			files = (
				A2CF78462906D22800476A17 /* LaunchScreen.storyboard in Resources */,
				A2CF78432906D22800476A17 /* Assets.xcassets in Resources */,
				A2CF78412906D22800476A17 /* Main.storyboard in Resources */,
			);
			runOnlyForDeploymentPostprocessing = 0;
		};
/* End PBXResourcesBuildPhase section */

/* Begin PBXSourcesBuildPhase section */
		A2CF78322906D22800476A17 /* Sources */ = {
			isa = PBXSourcesBuildPhase;
			buildActionMask = 2147483647;
			files = (
				A2C2DAEF29072DE90056AF51 /* StoryPromptTableViewController.swift in Sources */,
				A2C2DAEC29071F540056AF51 /* StoryPromptViewController.swift in Sources */,
				A2CF78512906D26D00476A17 /* StoryPrompts.swift in Sources */,
				A2CF783E2906D22800476A17 /* AddStoryPromptViewController.swift in Sources */,
				A2CF783A2906D22800476A17 /* AppDelegate.swift in Sources */,
				A2CF784F2906D25100476A17 /* StoryPromptEntry.swift in Sources */,
				A2CF783C2906D22800476A17 /* SceneDelegate.swift in Sources */,
			);
			runOnlyForDeploymentPostprocessing = 0;
		};
/* End PBXSourcesBuildPhase section */

/* Begin PBXVariantGroup section */
		A2CF783F2906D22800476A17 /* Main.storyboard */ = {
			isa = PBXVariantGroup;
			children = (
				A2CF78402906D22800476A17 /* Base */,
			);
			name = Main.storyboard;
			sourceTree = "<group>";
		};
		A2CF78442906D22800476A17 /* LaunchScreen.storyboard */ = {
			isa = PBXVariantGroup;
			children = (
				A2CF78452906D22800476A17 /* Base */,
			);
			name = LaunchScreen.storyboard;
			sourceTree = "<group>";
		};
/* End PBXVariantGroup section */

/* Begin XCBuildConfiguration section */
		A2CF78482906D22800476A17 /* Debug */ = {
			isa = XCBuildConfiguration;
			buildSettings = {
				ALWAYS_SEARCH_USER_PATHS = NO;
				CLANG_ANALYZER_NONNULL = YES;
				CLANG_ANALYZER_NUMBER_OBJECT_CONVERSION = YES_AGGRESSIVE;
				CLANG_CXX_LANGUAGE_STANDARD = "gnu++20";
				CLANG_ENABLE_MODULES = YES;
				CLANG_ENABLE_OBJC_ARC = YES;
				CLANG_ENABLE_OBJC_WEAK = YES;
				CLANG_WARN_BLOCK_CAPTURE_AUTORELEASING = YES;
				CLANG_WARN_BOOL_CONVERSION = YES;
				CLANG_WARN_COMMA = YES;
				CLANG_WARN_CONSTANT_CONVERSION = YES;
				CLANG_WARN_DEPRECATED_OBJC_IMPLEMENTATIONS = YES;
				CLANG_WARN_DIRECT_OBJC_ISA_USAGE = YES_ERROR;
				CLANG_WARN_DOCUMENTATION_COMMENTS = YES;
				CLANG_WARN_EMPTY_BODY = YES;
				CLANG_WARN_ENUM_CONVERSION = YES;
				CLANG_WARN_INFINITE_RECURSION = YES;
				CLANG_WARN_INT_CONVERSION = YES;
				CLANG_WARN_NON_LITERAL_NULL_CONVERSION = YES;
				CLANG_WARN_OBJC_IMPLICIT_RETAIN_SELF = YES;
				CLANG_WARN_OBJC_LITERAL_CONVERSION = YES;
				CLANG_WARN_OBJC_ROOT_CLASS = YES_ERROR;
				CLANG_WARN_QUOTED_INCLUDE_IN_FRAMEWORK_HEADER = YES;
				CLANG_WARN_RANGE_LOOP_ANALYSIS = YES;
				CLANG_WARN_STRICT_PROTOTYPES = YES;
				CLANG_WARN_SUSPICIOUS_MOVE = YES;
				CLANG_WARN_UNGUARDED_AVAILABILITY = YES_AGGRESSIVE;
				CLANG_WARN_UNREACHABLE_CODE = YES;
				CLANG_WARN__DUPLICATE_METHOD_MATCH = YES;
				COPY_PHASE_STRIP = NO;
				DEBUG_INFORMATION_FORMAT = dwarf;
				ENABLE_STRICT_OBJC_MSGSEND = YES;
				ENABLE_TESTABILITY = YES;
				GCC_C_LANGUAGE_STANDARD = gnu11;
				GCC_DYNAMIC_NO_PIC = NO;
				GCC_NO_COMMON_BLOCKS = YES;
				GCC_OPTIMIZATION_LEVEL = 0;
				GCC_PREPROCESSOR_DEFINITIONS = (
					"DEBUG=1",
					"$(inherited)",
				);
				GCC_WARN_64_TO_32_BIT_CONVERSION = YES;
				GCC_WARN_ABOUT_RETURN_TYPE = YES_ERROR;
				GCC_WARN_UNDECLARED_SELECTOR = YES;
				GCC_WARN_UNINITIALIZED_AUTOS = YES_AGGRESSIVE;
				GCC_WARN_UNUSED_FUNCTION = YES;
				GCC_WARN_UNUSED_VARIABLE = YES;
				IPHONEOS_DEPLOYMENT_TARGET = 16.0;
				MTL_ENABLE_DEBUG_INFO = INCLUDE_SOURCE;
				MTL_FAST_MATH = YES;
				ONLY_ACTIVE_ARCH = YES;
				SDKROOT = iphoneos;
				SWIFT_ACTIVE_COMPILATION_CONDITIONS = DEBUG;
				SWIFT_OPTIMIZATION_LEVEL = "-Onone";
			};
			name = Debug;
		};
		A2CF78492906D22800476A17 /* Release */ = {
			isa = XCBuildConfiguration;
			buildSettings = {
				ALWAYS_SEARCH_USER_PATHS = NO;
				CLANG_ANALYZER_NONNULL = YES;
				CLANG_ANALYZER_NUMBER_OBJECT_CONVERSION = YES_AGGRESSIVE;
				CLANG_CXX_LANGUAGE_STANDARD = "gnu++20";
				CLANG_ENABLE_MODULES = YES;
				CLANG_ENABLE_OBJC_ARC = YES;
				CLANG_ENABLE_OBJC_WEAK = YES;
				CLANG_WARN_BLOCK_CAPTURE_AUTORELEASING = YES;
				CLANG_WARN_BOOL_CONVERSION = YES;
				CLANG_WARN_COMMA = YES;
				CLANG_WARN_CONSTANT_CONVERSION = YES;
				CLANG_WARN_DEPRECATED_OBJC_IMPLEMENTATIONS = YES;
				CLANG_WARN_DIRECT_OBJC_ISA_USAGE = YES_ERROR;
				CLANG_WARN_DOCUMENTATION_COMMENTS = YES;
				CLANG_WARN_EMPTY_BODY = YES;
				CLANG_WARN_ENUM_CONVERSION = YES;
				CLANG_WARN_INFINITE_RECURSION = YES;
				CLANG_WARN_INT_CONVERSION = YES;
				CLANG_WARN_NON_LITERAL_NULL_CONVERSION = YES;
				CLANG_WARN_OBJC_IMPLICIT_RETAIN_SELF = YES;
				CLANG_WARN_OBJC_LITERAL_CONVERSION = YES;
				CLANG_WARN_OBJC_ROOT_CLASS = YES_ERROR;
				CLANG_WARN_QUOTED_INCLUDE_IN_FRAMEWORK_HEADER = YES;
				CLANG_WARN_RANGE_LOOP_ANALYSIS = YES;
				CLANG_WARN_STRICT_PROTOTYPES = YES;
				CLANG_WARN_SUSPICIOUS_MOVE = YES;
				CLANG_WARN_UNGUARDED_AVAILABILITY = YES_AGGRESSIVE;
				CLANG_WARN_UNREACHABLE_CODE = YES;
				CLANG_WARN__DUPLICATE_METHOD_MATCH = YES;
				COPY_PHASE_STRIP = NO;
				DEBUG_INFORMATION_FORMAT = "dwarf-with-dsym";
				ENABLE_NS_ASSERTIONS = NO;
				ENABLE_STRICT_OBJC_MSGSEND = YES;
				GCC_C_LANGUAGE_STANDARD = gnu11;
				GCC_NO_COMMON_BLOCKS = YES;
				GCC_WARN_64_TO_32_BIT_CONVERSION = YES;
				GCC_WARN_ABOUT_RETURN_TYPE = YES_ERROR;
				GCC_WARN_UNDECLARED_SELECTOR = YES;
				GCC_WARN_UNINITIALIZED_AUTOS = YES_AGGRESSIVE;
				GCC_WARN_UNUSED_FUNCTION = YES;
				GCC_WARN_UNUSED_VARIABLE = YES;
				IPHONEOS_DEPLOYMENT_TARGET = 16.0;
				MTL_ENABLE_DEBUG_INFO = NO;
				MTL_FAST_MATH = YES;
				SDKROOT = iphoneos;
				SWIFT_COMPILATION_MODE = wholemodule;
				SWIFT_OPTIMIZATION_LEVEL = "-O";
				VALIDATE_PRODUCT = YES;
			};
			name = Release;
		};
		A2CF784B2906D22800476A17 /* Debug */ = {
			isa = XCBuildConfiguration;
			buildSettings = {
				ASSETCATALOG_COMPILER_APPICON_NAME = AppIcon;
				ASSETCATALOG_COMPILER_GLOBAL_ACCENT_COLOR_NAME = AccentColor;
				CODE_SIGN_STYLE = Automatic;
				CURRENT_PROJECT_VERSION = 1;
				DEVELOPMENT_TEAM = 79CS75S5DL;
				GENERATE_INFOPLIST_FILE = YES;
				INFOPLIST_FILE = StoryPrompt/Info.plist;
				INFOPLIST_KEY_UIApplicationSupportsIndirectInputEvents = YES;
				INFOPLIST_KEY_UILaunchStoryboardName = LaunchScreen;
				INFOPLIST_KEY_UIMainStoryboardFile = Main;
				INFOPLIST_KEY_UISupportedInterfaceOrientations_iPad = "UIInterfaceOrientationPortrait UIInterfaceOrientationPortraitUpsideDown UIInterfaceOrientationLandscapeLeft UIInterfaceOrientationLandscapeRight";
				INFOPLIST_KEY_UISupportedInterfaceOrientations_iPhone = "UIInterfaceOrientationPortrait UIInterfaceOrientationLandscapeLeft UIInterfaceOrientationLandscapeRight";
				LD_RUNPATH_SEARCH_PATHS = (
					"$(inherited)",
					"@executable_path/Frameworks",
				);
				MARKETING_VERSION = 1.0;
				PRODUCT_BUNDLE_IDENTIFIER = com.celilcagataygedik.StoryPrompt;
				PRODUCT_NAME = "$(TARGET_NAME)";
				SWIFT_EMIT_LOC_STRINGS = YES;
				SWIFT_VERSION = 5.0;
				TARGETED_DEVICE_FAMILY = "1,2";
			};
			name = Debug;
		};
		A2CF784C2906D22800476A17 /* Release */ = {
			isa = XCBuildConfiguration;
			buildSettings = {
				ASSETCATALOG_COMPILER_APPICON_NAME = AppIcon;
				ASSETCATALOG_COMPILER_GLOBAL_ACCENT_COLOR_NAME = AccentColor;
				CODE_SIGN_STYLE = Automatic;
				CURRENT_PROJECT_VERSION = 1;
				DEVELOPMENT_TEAM = 79CS75S5DL;
				GENERATE_INFOPLIST_FILE = YES;
				INFOPLIST_FILE = StoryPrompt/Info.plist;
				INFOPLIST_KEY_UIApplicationSupportsIndirectInputEvents = YES;
				INFOPLIST_KEY_UILaunchStoryboardName = LaunchScreen;
				INFOPLIST_KEY_UIMainStoryboardFile = Main;
				INFOPLIST_KEY_UISupportedInterfaceOrientations_iPad = "UIInterfaceOrientationPortrait UIInterfaceOrientationPortraitUpsideDown UIInterfaceOrientationLandscapeLeft UIInterfaceOrientationLandscapeRight";
				INFOPLIST_KEY_UISupportedInterfaceOrientations_iPhone = "UIInterfaceOrientationPortrait UIInterfaceOrientationLandscapeLeft UIInterfaceOrientationLandscapeRight";
				LD_RUNPATH_SEARCH_PATHS = (
					"$(inherited)",
					"@executable_path/Frameworks",
				);
				MARKETING_VERSION = 1.0;
				PRODUCT_BUNDLE_IDENTIFIER = com.celilcagataygedik.StoryPrompt;
				PRODUCT_NAME = "$(TARGET_NAME)";
				SWIFT_EMIT_LOC_STRINGS = YES;
				SWIFT_VERSION = 5.0;
				TARGETED_DEVICE_FAMILY = "1,2";
			};
			name = Release;
		};
/* End XCBuildConfiguration section */

/* Begin XCConfigurationList section */
		A2CF78312906D22800476A17 /* Build configuration list for PBXProject "StoryPrompt" */ = {
			isa = XCConfigurationList;
			buildConfigurations = (
				A2CF78482906D22800476A17 /* Debug */,
				A2CF78492906D22800476A17 /* Release */,
			);
			defaultConfigurationIsVisible = 0;
			defaultConfigurationName = Release;
		};
		A2CF784A2906D22800476A17 /* Build configuration list for PBXNativeTarget "StoryPrompt" */ = {
			isa = XCConfigurationList;
			buildConfigurations = (
				A2CF784B2906D22800476A17 /* Debug */,
				A2CF784C2906D22800476A17 /* Release */,
			);
			defaultConfigurationIsVisible = 0;
			defaultConfigurationName = Release;
		};
/* End XCConfigurationList section */
	};
	rootObject = A2CF782E2906D22800476A17 /* Project object */;
}
